
Microsoft Visual Studio Solution File, Format Version 12.00
# Visual Studio 15
VisualStudioVersion = 15.0.27428.2015
MinimumVisualStudioVersion = 10.0.40219.1
Project("{9A19103F-16F7-4668-BE54-9A1E7A4F7556}") = "PayrollProcessor.Core", "PayrollProcessor.Core\PayrollProcessor.Core.csproj", "{184AA968-FB0F-47C9-AB81-D17CA9D45C21}"
EndProject
Project("{FAE04EC0-301F-11D3-BF4B-00C04F79EFBC}") = "PayrollProcessor.Tests", "PayrollProcessor.Tests\PayrollProcessor.Tests.csproj", "{A91B4DE2-DDC6-4706-8BB7-3E46B6E8B42B}"
EndProject
Global
	GlobalSection(SolutionConfigurationPlatforms) = preSolution
		Debug|Any CPU = Debug|Any CPU
		Release|Any CPU = Release|Any CPU
	EndGlobalSection
	GlobalSection(ProjectConfigurationPlatforms) = postSolution
		{184AA968-FB0F-47C9-AB81-D17CA9D45C21}.Debug|Any CPU.ActiveCfg = Debug|Any CPU
		{184AA968-FB0F-47C9-AB81-D17CA9D45C21}.Debug|Any CPU.Build.0 = Debug|Any CPU
		{184AA968-FB0F-47C9-AB81-D17CA9D45C21}.Release|Any CPU.ActiveCfg = Release|Any CPU
		{184AA968-FB0F-47C9-AB81-D17CA9D45C21}.Release|Any CPU.Build.0 = Release|Any CPU
		{A91B4DE2-DDC6-4706-8BB7-3E46B6E8B42B}.Debug|Any CPU.ActiveCfg = Debug|Any CPU
		{A91B4DE2-DDC6-4706-8BB7-3E46B6E8B42B}.Debug|Any CPU.Build.0 = Debug|Any CPU
		{A91B4DE2-DDC6-4706-8BB7-3E46B6E8B42B}.Release|Any CPU.ActiveCfg = Release|Any CPU
		{A91B4DE2-DDC6-4706-8BB7-3E46B6E8B42B}.Release|Any CPU.Build.0 = Release|Any CPU
	EndGlobalSection
	GlobalSection(SolutionProperties) = preSolution
		HideSolutionNode = FALSE
	EndGlobalSection
	GlobalSection(ExtensibilityGlobals) = postSolution
		SolutionGuid = {2A9458DE-A416-4888-A896-A6771BF768D2}
	EndGlobalSection
EndGlobal
